
Microsoft Visual Studio Solution File, Format Version 12.00
# Visual Studio 14
VisualStudioVersion = 14.0.24720.0
MinimumVisualStudioVersion = 10.0.40219.1
Project("{FAE04EC0-301F-11D3-BF4B-00C04F79EFBC}") = "ConsumeWebServiceRest", "RemoteDesktopMonitor\ConsumeWebServiceRest.csproj", "{6977CF13-F14C-4D11-87CF-B919F195447B}"
EndProject
Project("{FAE04EC0-301F-11D3-BF4B-00C04F79EFBC}") = "RDMService", "RDMService\RDMService.csproj", "{95E8573B-2DC2-4F61-94EE-672342C46DFB}"
EndProject
Project("{FAE04EC0-301F-11D3-BF4B-00C04F79EFBC}") = "RDMClient", "RDMClient\RDMClient.csproj", "{A452D873-B9E5-4C97-97A7-DAB916FEFEDE}"
EndProject
Project("{FAE04EC0-301F-11D3-BF4B-00C04F79EFBC}") = "RDMDALWSR", "C:\Users\Admin\Desktop\Module 7\RemoteDesktopMonitor\6 - RDMDalWsr\RDMDALWSR\RDMDALWSR.csproj", "{BCDE0624-244C-499E-9C83-D3C12FF05789}"
EndProject
Global
	GlobalSection(SolutionConfigurationPlatforms) = preSolution
		Debug|Any CPU = Debug|Any CPU
		Release|Any CPU = Release|Any CPU
	EndGlobalSection
	GlobalSection(ProjectConfigurationPlatforms) = postSolution
		{6977CF13-F14C-4D11-87CF-B919F195447B}.Debug|Any CPU.ActiveCfg = Debug|Any CPU
		{6977CF13-F14C-4D11-87CF-B919F195447B}.Debug|Any CPU.Build.0 = Debug|Any CPU
		{6977CF13-F14C-4D11-87CF-B919F195447B}.Release|Any CPU.ActiveCfg = Release|Any CPU
		{6977CF13-F14C-4D11-87CF-B919F195447B}.Release|Any CPU.Build.0 = Release|Any CPU
		{95E8573B-2DC2-4F61-94EE-672342C46DFB}.Debug|Any CPU.ActiveCfg = Debug|Any CPU
		{95E8573B-2DC2-4F61-94EE-672342C46DFB}.Debug|Any CPU.Build.0 = Debug|Any CPU
		{95E8573B-2DC2-4F61-94EE-672342C46DFB}.Release|Any CPU.ActiveCfg = Release|Any CPU
		{95E8573B-2DC2-4F61-94EE-672342C46DFB}.Release|Any CPU.Build.0 = Release|Any CPU
		{A452D873-B9E5-4C97-97A7-DAB916FEFEDE}.Debug|Any CPU.ActiveCfg = Debug|Any CPU
		{A452D873-B9E5-4C97-97A7-DAB916FEFEDE}.Debug|Any CPU.Build.0 = Debug|Any CPU
		{A452D873-B9E5-4C97-97A7-DAB916FEFEDE}.Release|Any CPU.ActiveCfg = Release|Any CPU
		{A452D873-B9E5-4C97-97A7-DAB916FEFEDE}.Release|Any CPU.Build.0 = Release|Any CPU
		{BCDE0624-244C-499E-9C83-D3C12FF05789}.Debug|Any CPU.ActiveCfg = Debug|Any CPU
		{BCDE0624-244C-499E-9C83-D3C12FF05789}.Debug|Any CPU.Build.0 = Debug|Any CPU
		{BCDE0624-244C-499E-9C83-D3C12FF05789}.Release|Any CPU.ActiveCfg = Release|Any CPU
		{BCDE0624-244C-499E-9C83-D3C12FF05789}.Release|Any CPU.Build.0 = Release|Any CPU
	EndGlobalSection
	GlobalSection(SolutionProperties) = preSolution
		HideSolutionNode = FALSE
	EndGlobalSection
EndGlobal
